// !$*UTF8*$!
{
	archiveVersion = 1;
	classes = {
	};
	objectVersion = 46;
	objects = {

/* Begin PBXBuildFile section */
		2652EB4519977748000FCBF3 /* Cocoa.framework in Frameworks */ = {isa = PBXBuildFile; fileRef = 2652EB4419977748000FCBF3 /* Cocoa.framework */; };
		2652EB4F19977748000FCBF3 /* InfoPlist.strings in Resources */ = {isa = PBXBuildFile; fileRef = 2652EB4D19977748000FCBF3 /* InfoPlist.strings */; };
		2652EB5119977748000FCBF3 /* main.m in Sources */ = {isa = PBXBuildFile; fileRef = 2652EB5019977748000FCBF3 /* main.m */; };
		2652EB5519977748000FCBF3 /* Credits.rtf in Resources */ = {isa = PBXBuildFile; fileRef = 2652EB5319977748000FCBF3 /* Credits.rtf */; };
		2652EB5819977748000FCBF3 /* AppDelegate.m in Sources */ = {isa = PBXBuildFile; fileRef = 2652EB5719977748000FCBF3 /* AppDelegate.m */; };
		2652EB5B19977748000FCBF3 /* MainMenu.xib in Resources */ = {isa = PBXBuildFile; fileRef = 2652EB5919977748000FCBF3 /* MainMenu.xib */; };
		2652EB5D19977748000FCBF3 /* Images.xcassets in Resources */ = {isa = PBXBuildFile; fileRef = 2652EB5C19977748000FCBF3 /* Images.xcassets */; };
		2652EB6419977748000FCBF3 /* XCTest.framework in Frameworks */ = {isa = PBXBuildFile; fileRef = 2652EB6319977748000FCBF3 /* XCTest.framework */; };
		2652EB6519977748000FCBF3 /* Cocoa.framework in Frameworks */ = {isa = PBXBuildFile; fileRef = 2652EB4419977748000FCBF3 /* Cocoa.framework */; };
		2652EB6D19977748000FCBF3 /* InfoPlist.strings in Resources */ = {isa = PBXBuildFile; fileRef = 2652EB6B19977748000FCBF3 /* InfoPlist.strings */; };
		2652EB6F19977748000FCBF3 /* TwitterArtTests.m in Sources */ = {isa = PBXBuildFile; fileRef = 2652EB6E19977748000FCBF3 /* TwitterArtTests.m */; };
/* End PBXBuildFile section */

/* Begin PBXContainerItemProxy section */
		2652EB6619977748000FCBF3 /* PBXContainerItemProxy */ = {
			isa = PBXContainerItemProxy;
			containerPortal = 2652EB3919977747000FCBF3 /* Project object */;
			proxyType = 1;
			remoteGlobalIDString = 2652EB4019977747000FCBF3;
			remoteInfo = TwitterArt;
		};
/* End PBXContainerItemProxy section */

/* Begin PBXFileReference section */
		2652EB4119977748000FCBF3 /* TwitterArt.app */ = {isa = PBXFileReference; explicitFileType = wrapper.application; includeInIndex = 0; path = TwitterArt.app; sourceTree = BUILT_PRODUCTS_DIR; };
		2652EB4419977748000FCBF3 /* Cocoa.framework */ = {isa = PBXFileReference; lastKnownFileType = wrapper.framework; name = Cocoa.framework; path = System/Library/Frameworks/Cocoa.framework; sourceTree = SDKROOT; };
		2652EB4719977748000FCBF3 /* AppKit.framework */ = {isa = PBXFileReference; lastKnownFileType = wrapper.framework; name = AppKit.framework; path = System/Library/Frameworks/AppKit.framework; sourceTree = SDKROOT; };
		2652EB4819977748000FCBF3 /* CoreData.framework */ = {isa = PBXFileReference; lastKnownFileType = wrapper.framework; name = CoreData.framework; path = System/Library/Frameworks/CoreData.framework; sourceTree = SDKROOT; };
		2652EB4919977748000FCBF3 /* Foundation.framework */ = {isa = PBXFileReference; lastKnownFileType = wrapper.framework; name = Foundation.framework; path = System/Library/Frameworks/Foundation.framework; sourceTree = SDKROOT; };
		2652EB4C19977748000FCBF3 /* TwitterArt-Info.plist */ = {isa = PBXFileReference; lastKnownFileType = text.plist.xml; path = "TwitterArt-Info.plist"; sourceTree = "<group>"; };
		2652EB4E19977748000FCBF3 /* en */ = {isa = PBXFileReference; lastKnownFileType = text.plist.strings; name = en; path = en.lproj/InfoPlist.strings; sourceTree = "<group>"; };
		2652EB5019977748000FCBF3 /* main.m */ = {isa = PBXFileReference; lastKnownFileType = sourcecode.c.objc; path = main.m; sourceTree = "<group>"; };
		2652EB5219977748000FCBF3 /* TwitterArt-Prefix.pch */ = {isa = PBXFileReference; lastKnownFileType = sourcecode.c.h; path = "TwitterArt-Prefix.pch"; sourceTree = "<group>"; };
		2652EB5419977748000FCBF3 /* en */ = {isa = PBXFileReference; lastKnownFileType = text.rtf; name = en; path = en.lproj/Credits.rtf; sourceTree = "<group>"; };
		2652EB5619977748000FCBF3 /* AppDelegate.h */ = {isa = PBXFileReference; lastKnownFileType = sourcecode.c.h; path = AppDelegate.h; sourceTree = "<group>"; };
		2652EB5719977748000FCBF3 /* AppDelegate.m */ = {isa = PBXFileReference; lastKnownFileType = sourcecode.c.objc; path = AppDelegate.m; sourceTree = "<group>"; };
		2652EB5A19977748000FCBF3 /* Base */ = {isa = PBXFileReference; lastKnownFileType = file.xib; name = Base; path = Base.lproj/MainMenu.xib; sourceTree = "<group>"; };
		2652EB5C19977748000FCBF3 /* Images.xcassets */ = {isa = PBXFileReference; lastKnownFileType = folder.assetcatalog; path = Images.xcassets; sourceTree = "<group>"; };
		2652EB6219977748000FCBF3 /* TwitterArtTests.xctest */ = {isa = PBXFileReference; explicitFileType = wrapper.cfbundle; includeInIndex = 0; path = TwitterArtTests.xctest; sourceTree = BUILT_PRODUCTS_DIR; };
		2652EB6319977748000FCBF3 /* XCTest.framework */ = {isa = PBXFileReference; lastKnownFileType = wrapper.framework; name = XCTest.framework; path = Library/Frameworks/XCTest.framework; sourceTree = DEVELOPER_DIR; };
		2652EB6A19977748000FCBF3 /* TwitterArtTests-Info.plist */ = {isa = PBXFileReference; lastKnownFileType = text.plist.xml; path = "TwitterArtTests-Info.plist"; sourceTree = "<group>"; };
		2652EB6C19977748000FCBF3 /* en */ = {isa = PBXFileReference; lastKnownFileType = text.plist.strings; name = en; path = en.lproj/InfoPlist.strings; sourceTree = "<group>"; };
		2652EB6E19977748000FCBF3 /* TwitterArtTests.m */ = {isa = PBXFileReference; lastKnownFileType = sourcecode.c.objc; path = TwitterArtTests.m; sourceTree = "<group>"; };
/* End PBXFileReference section */

/* Begin PBXFrameworksBuildPhase section */
		2652EB3E19977747000FCBF3 /* Frameworks */ = {
			isa = PBXFrameworksBuildPhase;
			buildActionMask = 2147483647;
			files = (
				2652EB4519977748000FCBF3 /* Cocoa.framework in Frameworks */,
			);
			runOnlyForDeploymentPostprocessing = 0;
		};
		2652EB5F19977748000FCBF3 /* Frameworks */ = {
			isa = PBXFrameworksBuildPhase;
			buildActionMask = 2147483647;
			files = (
				2652EB6519977748000FCBF3 /* Cocoa.framework in Frameworks */,
				2652EB6419977748000FCBF3 /* XCTest.framework in Frameworks */,
			);
			runOnlyForDeploymentPostprocessing = 0;
		};
/* End PBXFrameworksBuildPhase section */

/* Begin PBXGroup section */
		2652EB3819977747000FCBF3 = {
			isa = PBXGroup;
			children = (
				2652EB4A19977748000FCBF3 /* TwitterArt */,
				2652EB6819977748000FCBF3 /* TwitterArtTests */,
				2652EB4319977748000FCBF3 /* Frameworks */,
				2652EB4219977748000FCBF3 /* Products */,
			);
			sourceTree = "<group>";
		};
		2652EB4219977748000FCBF3 /* Products */ = {
			isa = PBXGroup;
			children = (
				2652EB4119977748000FCBF3 /* TwitterArt.app */,
				2652EB6219977748000FCBF3 /* TwitterArtTests.xctest */,
			);
			name = Products;
			sourceTree = "<group>";
		};
		2652EB4319977748000FCBF3 /* Frameworks */ = {
			isa = PBXGroup;
			children = (
				2652EB4419977748000FCBF3 /* Cocoa.framework */,
				2652EB6319977748000FCBF3 /* XCTest.framework */,
				2652EB4619977748000FCBF3 /* Other Frameworks */,
			);
			name = Frameworks;
			sourceTree = "<group>";
		};
		2652EB4619977748000FCBF3 /* Other Frameworks */ = {
			isa = PBXGroup;
			children = (
				2652EB4719977748000FCBF3 /* AppKit.framework */,
				2652EB4819977748000FCBF3 /* CoreData.framework */,
				2652EB4919977748000FCBF3 /* Foundation.framework */,
			);
			name = "Other Frameworks";
			sourceTree = "<group>";
		};
		2652EB4A19977748000FCBF3 /* TwitterArt */ = {
			isa = PBXGroup;
			children = (
				2652EB5619977748000FCBF3 /* AppDelegate.h */,
				2652EB5719977748000FCBF3 /* AppDelegate.m */,
				2652EB5919977748000FCBF3 /* MainMenu.xib */,
				2652EB5C19977748000FCBF3 /* Images.xcassets */,
				2652EB4B19977748000FCBF3 /* Supporting Files */,
			);
			path = TwitterArt;
			sourceTree = "<group>";
		};
		2652EB4B19977748000FCBF3 /* Supporting Files */ = {
			isa = PBXGroup;
			children = (
				2652EB4C19977748000FCBF3 /* TwitterArt-Info.plist */,
				2652EB4D19977748000FCBF3 /* InfoPlist.strings */,
				2652EB5019977748000FCBF3 /* main.m */,
				2652EB5219977748000FCBF3 /* TwitterArt-Prefix.pch */,
				2652EB5319977748000FCBF3 /* Credits.rtf */,
			);
			name = "Supporting Files";
			sourceTree = "<group>";
		};
		2652EB6819977748000FCBF3 /* TwitterArtTests */ = {
			isa = PBXGroup;
			children = (
				2652EB6E19977748000FCBF3 /* TwitterArtTests.m */,
				2652EB6919977748000FCBF3 /* Supporting Files */,
			);
			path = TwitterArtTests;
			sourceTree = "<group>";
		};
		2652EB6919977748000FCBF3 /* Supporting Files */ = {
			isa = PBXGroup;
			children = (
				2652EB6A19977748000FCBF3 /* TwitterArtTests-Info.plist */,
				2652EB6B19977748000FCBF3 /* InfoPlist.strings */,
			);
			name = "Supporting Files";
			sourceTree = "<group>";
		};
/* End PBXGroup section */

/* Begin PBXNativeTarget section */
		2652EB4019977747000FCBF3 /* TwitterArt */ = {
			isa = PBXNativeTarget;
			buildConfigurationList = 2652EB7219977749000FCBF3 /* Build configuration list for PBXNativeTarget "TwitterArt" */;
			buildPhases = (
				2652EB3D19977747000FCBF3 /* Sources */,
				2652EB3E19977747000FCBF3 /* Frameworks */,
				2652EB3F19977747000FCBF3 /* Resources */,
			);
			buildRules = (
			);
			dependencies = (
			);
			name = TwitterArt;
			productName = TwitterArt;
			productReference = 2652EB4119977748000FCBF3 /* TwitterArt.app */;
			productType = "com.apple.product-type.application";
		};
		2652EB6119977748000FCBF3 /* TwitterArtTests */ = {
			isa = PBXNativeTarget;
			buildConfigurationList = 2652EB7519977749000FCBF3 /* Build configuration list for PBXNativeTarget "TwitterArtTests" */;
			buildPhases = (
				2652EB5E19977748000FCBF3 /* Sources */,
				2652EB5F19977748000FCBF3 /* Frameworks */,
				2652EB6019977748000FCBF3 /* Resources */,
			);
			buildRules = (
			);
			dependencies = (
				2652EB6719977748000FCBF3 /* PBXTargetDependency */,
			);
			name = TwitterArtTests;
			productName = TwitterArtTests;
			productReference = 2652EB6219977748000FCBF3 /* TwitterArtTests.xctest */;
			productType = "com.apple.product-type.bundle.unit-test";
		};
/* End PBXNativeTarget section */

/* Begin PBXProject section */
		2652EB3919977747000FCBF3 /* Project object */ = {
			isa = PBXProject;
			attributes = {
				LastUpgradeCheck = 0510;
				ORGANIZATIONNAME = "Milo Gosnell";
				TargetAttributes = {
					2652EB6119977748000FCBF3 = {
						TestTargetID = 2652EB4019977747000FCBF3;
					};
				};
			};
			buildConfigurationList = 2652EB3C19977747000FCBF3 /* Build configuration list for PBXProject "TwitterArt" */;
			compatibilityVersion = "Xcode 3.2";
			developmentRegion = English;
			hasScannedForEncodings = 0;
			knownRegions = (
				en,
				Base,
			);
			mainGroup = 2652EB3819977747000FCBF3;
			productRefGroup = 2652EB4219977748000FCBF3 /* Products */;
			projectDirPath = "";
			projectRoot = "";
			targets = (
				2652EB4019977747000FCBF3 /* TwitterArt */,
				2652EB6119977748000FCBF3 /* TwitterArtTests */,
			);
		};
/* End PBXProject section */

/* Begin PBXResourcesBuildPhase section */
		2652EB3F19977747000FCBF3 /* Resources */ = {
			isa = PBXResourcesBuildPhase;
			buildActionMask = 2147483647;
			files = (
				2652EB4F19977748000FCBF3 /* InfoPlist.strings in Resources */,
				2652EB5D19977748000FCBF3 /* Images.xcassets in Resources */,
				2652EB5519977748000FCBF3 /* Credits.rtf in Resources */,
				2652EB5B19977748000FCBF3 /* MainMenu.xib in Resources */,
			);
			runOnlyForDeploymentPostprocessing = 0;
		};
		2652EB6019977748000FCBF3 /* Resources */ = {
			isa = PBXResourcesBuildPhase;
			buildActionMask = 2147483647;
			files = (
				2652EB6D19977748000FCBF3 /* InfoPlist.strings in Resources */,
			);
			runOnlyForDeploymentPostprocessing = 0;
		};
/* End PBXResourcesBuildPhase section */

/* Begin PBXSourcesBuildPhase section */
		2652EB3D19977747000FCBF3 /* Sources */ = {
			isa = PBXSourcesBuildPhase;
			buildActionMask = 2147483647;
			files = (
				2652EB5819977748000FCBF3 /* AppDelegate.m in Sources */,
				2652EB5119977748000FCBF3 /* main.m in Sources */,
			);
			runOnlyForDeploymentPostprocessing = 0;
		};
		2652EB5E19977748000FCBF3 /* Sources */ = {
			isa = PBXSourcesBuildPhase;
			buildActionMask = 2147483647;
			files = (
				2652EB6F19977748000FCBF3 /* TwitterArtTests.m in Sources */,
			);
			runOnlyForDeploymentPostprocessing = 0;
		};
/* End PBXSourcesBuildPhase section */

/* Begin PBXTargetDependency section */
		2652EB6719977748000FCBF3 /* PBXTargetDependency */ = {
			isa = PBXTargetDependency;
			target = 2652EB4019977747000FCBF3 /* TwitterArt */;
			targetProxy = 2652EB6619977748000FCBF3 /* PBXContainerItemProxy */;
		};
/* End PBXTargetDependency section */

/* Begin PBXVariantGroup section */
		2652EB4D19977748000FCBF3 /* InfoPlist.strings */ = {
			isa = PBXVariantGroup;
			children = (
				2652EB4E19977748000FCBF3 /* en */,
			);
			name = InfoPlist.strings;
			sourceTree = "<group>";
		};
		2652EB5319977748000FCBF3 /* Credits.rtf */ = {
			isa = PBXVariantGroup;
			children = (
				2652EB5419977748000FCBF3 /* en */,
			);
			name = Credits.rtf;
			sourceTree = "<group>";
		};
		2652EB5919977748000FCBF3 /* MainMenu.xib */ = {
			isa = PBXVariantGroup;
			children = (
				2652EB5A19977748000FCBF3 /* Base */,
			);
			name = MainMenu.xib;
			sourceTree = "<group>";
		};
		2652EB6B19977748000FCBF3 /* InfoPlist.strings */ = {
			isa = PBXVariantGroup;
			children = (
				2652EB6C19977748000FCBF3 /* en */,
			);
			name = InfoPlist.strings;
			sourceTree = "<group>";
		};
/* End PBXVariantGroup section */

/* Begin XCBuildConfiguration section */
		2652EB7019977749000FCBF3 /* Debug */ = {
			isa = XCBuildConfiguration;
			buildSettings = {
				ALWAYS_SEARCH_USER_PATHS = NO;
				CLANG_CXX_LANGUAGE_STANDARD = "gnu++0x";
				CLANG_CXX_LIBRARY = "libc++";
				CLANG_ENABLE_MODULES = YES;
				CLANG_ENABLE_OBJC_ARC = YES;
				CLANG_WARN_BOOL_CONVERSION = YES;
				CLANG_WARN_CONSTANT_CONVERSION = YES;
				CLANG_WARN_DIRECT_OBJC_ISA_USAGE = YES_ERROR;
				CLANG_WARN_EMPTY_BODY = YES;
				CLANG_WARN_ENUM_CONVERSION = YES;
				CLANG_WARN_INT_CONVERSION = YES;
				CLANG_WARN_OBJC_ROOT_CLASS = YES_ERROR;
				CLANG_WARN__DUPLICATE_METHOD_MATCH = YES;
				COPY_PHASE_STRIP = NO;
				GCC_C_LANGUAGE_STANDARD = gnu99;
				GCC_DYNAMIC_NO_PIC = NO;
				GCC_ENABLE_OBJC_EXCEPTIONS = YES;
				GCC_OPTIMIZATION_LEVEL = 0;
				GCC_PREPROCESSOR_DEFINITIONS = (
					"DEBUG=1",
					"$(inherited)",
				);
				GCC_SYMBOLS_PRIVATE_EXTERN = NO;
				GCC_WARN_64_TO_32_BIT_CONVERSION = YES;
				GCC_WARN_ABOUT_RETURN_TYPE = YES_ERROR;
				GCC_WARN_UNDECLARED_SELECTOR = YES;
				GCC_WARN_UNINITIALIZED_AUTOS = YES_AGGRESSIVE;
				GCC_WARN_UNUSED_FUNCTION = YES;
				GCC_WARN_UNUSED_VARIABLE = YES;
				MACOSX_DEPLOYMENT_TARGET = 10.9;
				ONLY_ACTIVE_ARCH = YES;
				SDKROOT = macosx;
			};
			name = Debug;
		};
		2652EB7119977749000FCBF3 /* Release */ = {
			isa = XCBuildConfiguration;
			buildSettings = {
				ALWAYS_SEARCH_USER_PATHS = NO;
				CLANG_CXX_LANGUAGE_STANDARD = "gnu++0x";
				CLANG_CXX_LIBRARY = "libc++";
				CLANG_ENABLE_MODULES = YES;
				CLANG_ENABLE_OBJC_ARC = YES;
				CLANG_WARN_BOOL_CONVERSION = YES;
				CLANG_WARN_CONSTANT_CONVERSION = YES;
				CLANG_WARN_DIRECT_OBJC_ISA_USAGE = YES_ERROR;
				CLANG_WARN_EMPTY_BODY = YES;
				CLANG_WARN_ENUM_CONVERSION = YES;
				CLANG_WARN_INT_CONVERSION = YES;
				CLANG_WARN_OBJC_ROOT_CLASS = YES_ERROR;
				CLANG_WARN__DUPLICATE_METHOD_MATCH = YES;
				COPY_PHASE_STRIP = YES;
				DEBUG_INFORMATION_FORMAT = "dwarf-with-dsym";
				ENABLE_NS_ASSERTIONS = NO;
				GCC_C_LANGUAGE_STANDARD = gnu99;
				GCC_ENABLE_OBJC_EXCEPTIONS = YES;
				GCC_WARN_64_TO_32_BIT_CONVERSION = YES;
				GCC_WARN_ABOUT_RETURN_TYPE = YES_ERROR;
				GCC_WARN_UNDECLARED_SELECTOR = YES;
				GCC_WARN_UNINITIALIZED_AUTOS = YES_AGGRESSIVE;
				GCC_WARN_UNUSED_FUNCTION = YES;
				GCC_WARN_UNUSED_VARIABLE = YES;
				MACOSX_DEPLOYMENT_TARGET = 10.9;
				SDKROOT = macosx;
			};
			name = Release;
		};
		2652EB7319977749000FCBF3 /* Debug */ = {
			isa = XCBuildConfiguration;
			buildSettings = {
				ASSETCATALOG_COMPILER_APPICON_NAME = AppIcon;
				COMBINE_HIDPI_IMAGES = YES;
				GCC_PRECOMPILE_PREFIX_HEADER = YES;
				GCC_PREFIX_HEADER = "TwitterArt/TwitterArt-Prefix.pch";
				INFOPLIST_FILE = "TwitterArt/TwitterArt-Info.plist";
				PRODUCT_NAME = "$(TARGET_NAME)";
				WRAPPER_EXTENSION = app;
			};
			name = Debug;
		};
		2652EB7419977749000FCBF3 /* Release */ = {
			isa = XCBuildConfiguration;
			buildSettings = {
				ASSETCATALOG_COMPILER_APPICON_NAME = AppIcon;
				COMBINE_HIDPI_IMAGES = YES;
				GCC_PRECOMPILE_PREFIX_HEADER = YES;
				GCC_PREFIX_HEADER = "TwitterArt/TwitterArt-Prefix.pch";
				INFOPLIST_FILE = "TwitterArt/TwitterArt-Info.plist";
				PRODUCT_NAME = "$(TARGET_NAME)";
				WRAPPER_EXTENSION = app;
			};
			name = Release;
		};
		2652EB7619977749000FCBF3 /* Debug */ = {
			isa = XCBuildConfiguration;
			buildSettings = {
				BUNDLE_LOADER = "$(BUILT_PRODUCTS_DIR)/TwitterArt.app/Contents/MacOS/TwitterArt";
				COMBINE_HIDPI_IMAGES = YES;
				FRAMEWORK_SEARCH_PATHS = (
					"$(DEVELOPER_FRAMEWORKS_DIR)",
					"$(inherited)",
				);
				GCC_PRECOMPILE_PREFIX_HEADER = YES;
				GCC_PREFIX_HEADER = "TwitterArt/TwitterArt-Prefix.pch";
				GCC_PREPROCESSOR_DEFINITIONS = (
					"DEBUG=1",
					"$(inherited)",
				);
				INFOPLIST_FILE = "TwitterArtTests/TwitterArtTests-Info.plist";
				PRODUCT_NAME = "$(TARGET_NAME)";
				TEST_HOST = "$(BUNDLE_LOADER)";
				WRAPPER_EXTENSION = xctest;
			};
			name = Debug;
		};
		2652EB7719977749000FCBF3 /* Release */ = {
			isa = XCBuildConfiguration;
			buildSettings = {
				BUNDLE_LOADER = "$(BUILT_PRODUCTS_DIR)/TwitterArt.app/Contents/MacOS/TwitterArt";
				COMBINE_HIDPI_IMAGES = YES;
				FRAMEWORK_SEARCH_PATHS = (
					"$(DEVELOPER_FRAMEWORKS_DIR)",
					"$(inherited)",
				);
				GCC_PRECOMPILE_PREFIX_HEADER = YES;
				GCC_PREFIX_HEADER = "TwitterArt/TwitterArt-Prefix.pch";
				INFOPLIST_FILE = "TwitterArtTests/TwitterArtTests-Info.plist";
				PRODUCT_NAME = "$(TARGET_NAME)";
				TEST_HOST = "$(BUNDLE_LOADER)";
				WRAPPER_EXTENSION = xctest;
			};
			name = Release;
		};
/* End XCBuildConfiguration section */

/* Begin XCConfigurationList section */
		2652EB3C19977747000FCBF3 /* Build configuration list for PBXProject "TwitterArt" */ = {
			isa = XCConfigurationList;
			buildConfigurations = (
				2652EB7019977749000FCBF3 /* Debug */,
				2652EB7119977749000FCBF3 /* Release */,
			);
			defaultConfigurationIsVisible = 0;
			defaultConfigurationName = Release;
		};
		2652EB7219977749000FCBF3 /* Build configuration list for PBXNativeTarget "TwitterArt" */ = {
			isa = XCConfigurationList;
			buildConfigurations = (
				2652EB7319977749000FCBF3 /* Debug */,
				2652EB7419977749000FCBF3 /* Release */,
			);
			defaultConfigurationIsVisible = 0;
		};
		2652EB7519977749000FCBF3 /* Build configuration list for PBXNativeTarget "TwitterArtTests" */ = {
			isa = XCConfigurationList;
			buildConfigurations = (
				2652EB7619977749000FCBF3 /* Debug */,
				2652EB7719977749000FCBF3 /* Release */,
			);
			defaultConfigurationIsVisible = 0;
		};
/* End XCConfigurationList section */
	};
	rootObject = 2652EB3919977747000FCBF3 /* Project object */;
}
